
Microsoft Visual Studio Solution File, Format Version 12.00
# Visual Studio Version 16
VisualStudioVersion = 16.0.31025.194
MinimumVisualStudioVersion = 10.0.40219.1
Project("{FAE04EC0-301F-11D3-BF4B-00C04F79EFBC}") = "CodeCoverageSample", "CodeCoverageSample.csproj", "{3A677282-64F9-4357-9AAD-1886B9325C71}"
EndProject
Project("{FAE04EC0-301F-11D3-BF4B-00C04F79EFBC}") = "TestProject1", "..\TestProject1\TestProject1.csproj", "{4213B7F8-1D35-47D5-A50E-7F2969C305E6}"
EndProject
Global
	GlobalSection(SolutionConfigurationPlatforms) = preSolution
		Debug|Any CPU = Debug|Any CPU
		Release|Any CPU = Release|Any CPU
	EndGlobalSection
	GlobalSection(ProjectConfigurationPlatforms) = postSolution
		{3A677282-64F9-4357-9AAD-1886B9325C71}.Debug|Any CPU.ActiveCfg = Debug|Any CPU
		{3A677282-64F9-4357-9AAD-1886B9325C71}.Debug|Any CPU.Build.0 = Debug|Any CPU
		{3A677282-64F9-4357-9AAD-1886B9325C71}.Release|Any CPU.ActiveCfg = Release|Any CPU
		{3A677282-64F9-4357-9AAD-1886B9325C71}.Release|Any CPU.Build.0 = Release|Any CPU
		{4213B7F8-1D35-47D5-A50E-7F2969C305E6}.Debug|Any CPU.ActiveCfg = Debug|Any CPU
		{4213B7F8-1D35-47D5-A50E-7F2969C305E6}.Debug|Any CPU.Build.0 = Debug|Any CPU
		{4213B7F8-1D35-47D5-A50E-7F2969C305E6}.Release|Any CPU.ActiveCfg = Release|Any CPU
		{4213B7F8-1D35-47D5-A50E-7F2969C305E6}.Release|Any CPU.Build.0 = Release|Any CPU
	EndGlobalSection
	GlobalSection(SolutionProperties) = preSolution
		HideSolutionNode = FALSE
	EndGlobalSection
	GlobalSection(ExtensibilityGlobals) = postSolution
		SolutionGuid = {C6228053-60ED-404E-ADD5-A6E28E635F9A}
	EndGlobalSection
EndGlobal
